
Microsoft Visual Studio Solution File, Format Version 12.00
# Visual Studio 15
VisualStudioVersion = 15.0.28010.2048
MinimumVisualStudioVersion = 10.0.40219.1
Project("{F2A71F9B-5D33-465A-A702-920D77279786}") = "JiraUpdateComment", "JiraUpdateComment\JiraUpdateComment.fsproj", "{C41D6B39-61DC-44A4-BFD3-15D29CDF5DDD}"
EndProject
Global
	GlobalSection(SolutionConfigurationPlatforms) = preSolution
		Debug|Any CPU = Debug|Any CPU
		Release|Any CPU = Release|Any CPU
	EndGlobalSection
	GlobalSection(ProjectConfigurationPlatforms) = postSolution
		{C41D6B39-61DC-44A4-BFD3-15D29CDF5DDD}.Debug|Any CPU.ActiveCfg = Debug|Any CPU
		{C41D6B39-61DC-44A4-BFD3-15D29CDF5DDD}.Debug|Any CPU.Build.0 = Debug|Any CPU
		{C41D6B39-61DC-44A4-BFD3-15D29CDF5DDD}.Release|Any CPU.ActiveCfg = Release|Any CPU
		{C41D6B39-61DC-44A4-BFD3-15D29CDF5DDD}.Release|Any CPU.Build.0 = Release|Any CPU
	EndGlobalSection
	GlobalSection(SolutionProperties) = preSolution
		HideSolutionNode = FALSE
	EndGlobalSection
	GlobalSection(ExtensibilityGlobals) = postSolution
		SolutionGuid = {042F45CF-B1CA-4C57-B09D-62D0EABDB715}
	EndGlobalSection
EndGlobal
